
Microsoft Visual Studio Solution File, Format Version 12.00
# Visual Studio Version 17
VisualStudioVersion = 17.14.36414.22 d17.14
MinimumVisualStudioVersion = 10.0.40219.1
Project("{FAE04EC0-301F-11D3-BF4B-00C04F79EFBC}") = "ConsoleApp7", "ConsoleApp7\ConsoleApp7.csproj", "{4D43ACF9-0A6C-4CA2-B071-82E8A84CB574}"
EndProject
Global
	GlobalSection(SolutionConfigurationPlatforms) = preSolution
		Debug|Any CPU = Debug|Any CPU
		Release|Any CPU = Release|Any CPU
	EndGlobalSection
	GlobalSection(ProjectConfigurationPlatforms) = postSolution
		{4D43ACF9-0A6C-4CA2-B071-82E8A84CB574}.Debug|Any CPU.ActiveCfg = Debug|Any CPU
		{4D43ACF9-0A6C-4CA2-B071-82E8A84CB574}.Debug|Any CPU.Build.0 = Debug|Any CPU
		{4D43ACF9-0A6C-4CA2-B071-82E8A84CB574}.Release|Any CPU.ActiveCfg = Release|Any CPU
		{4D43ACF9-0A6C-4CA2-B071-82E8A84CB574}.Release|Any CPU.Build.0 = Release|Any CPU
	EndGlobalSection
	GlobalSection(SolutionProperties) = preSolution
		HideSolutionNode = FALSE
	EndGlobalSection
	GlobalSection(ExtensibilityGlobals) = postSolution
		SolutionGuid = {4B1C08A6-F9A3-4F8E-9ADE-28C9622065F3}
	EndGlobalSection
EndGlobal
